
Microsoft Visual Studio Solution File, Format Version 12.00
# Visual Studio Version 16
VisualStudioVersion = 16.0.32929.386
MinimumVisualStudioVersion = 10.0.40219.1
Project("{9A19103F-16F7-4668-BE54-9A1E7A4F7556}") = "XUnitTestProject1", "XUnitTestProject1\XUnitTestProject1.csproj", "{F3CEC990-E215-4ADE-956B-8418701ECB84}"
EndProject
Global
	GlobalSection(SolutionConfigurationPlatforms) = preSolution
		Debug|Any CPU = Debug|Any CPU
		Release|Any CPU = Release|Any CPU
	EndGlobalSection
	GlobalSection(ProjectConfigurationPlatforms) = postSolution
		{F3CEC990-E215-4ADE-956B-8418701ECB84}.Debug|Any CPU.ActiveCfg = Debug|Any CPU
		{F3CEC990-E215-4ADE-956B-8418701ECB84}.Debug|Any CPU.Build.0 = Debug|Any CPU
		{F3CEC990-E215-4ADE-956B-8418701ECB84}.Release|Any CPU.ActiveCfg = Release|Any CPU
		{F3CEC990-E215-4ADE-956B-8418701ECB84}.Release|Any CPU.Build.0 = Release|Any CPU
	EndGlobalSection
	GlobalSection(SolutionProperties) = preSolution
		HideSolutionNode = FALSE
	EndGlobalSection
	GlobalSection(ExtensibilityGlobals) = postSolution
		SolutionGuid = {6F9A5873-EC12-448A-A86E-3BF9FB447F83}
	EndGlobalSection
EndGlobal
